// !$*UTF8*$!
{
	archiveVersion = 1;
	classes = {
	};
	objectVersion = 77;
	objects = {

/* Begin PBXBuildFile section */
		521438B22CC956E3006BD57E /* ListViewModel.swift in Sources */ = {isa = PBXBuildFile; fileRef = 521438B12CC956E3006BD57E /* ListViewModel.swift */; };
		521EF03D2CCD188E00005C5F /* OmicronTestPlan.xctestplan in Resources */ = {isa = PBXBuildFile; fileRef = 521EF03C2CCD188E00005C5F /* OmicronTestPlan.xctestplan */; };
		52422D552C695B3400C53EB1 /* ListViewItemLabel.swift in Sources */ = {isa = PBXBuildFile; fileRef = 52422D542C695B3400C53EB1 /* ListViewItemLabel.swift */; };
		52422D5A2C695CAA00C53EB1 /* DetailsViewRatingOverlayView.swift in Sources */ = {isa = PBXBuildFile; fileRef = 52422D592C695CAA00C53EB1 /* DetailsViewRatingOverlayView.swift */; };
		52422D5D2C6ABCD100C53EB1 /* SearchDetailsHeaderView.swift in Sources */ = {isa = PBXBuildFile; fileRef = 52422D5C2C6ABCD100C53EB1 /* SearchDetailsHeaderView.swift */; };
		52422D602C6ABF4500C53EB1 /* SingleSeasonView.swift in Sources */ = {isa = PBXBuildFile; fileRef = 52422D5F2C6ABF4500C53EB1 /* SingleSeasonView.swift */; };
		5243F2762CD6701900990CBB /* LibraryManager.swift in Sources */ = {isa = PBXBuildFile; fileRef = 5243F2752CD6701900990CBB /* LibraryManager.swift */; };
		5243F2802CD97A2000990CBB /* LoadingView.swift in Sources */ = {isa = PBXBuildFile; fileRef = 5243F27F2CD97A2000990CBB /* LoadingView.swift */; };
		525408472B874BA000521C6C /* OmicronApp.swift in Sources */ = {isa = PBXBuildFile; fileRef = 525408462B874BA000521C6C /* OmicronApp.swift */; };
		525408492B874BA000521C6C /* ContentView.swift in Sources */ = {isa = PBXBuildFile; fileRef = 525408482B874BA000521C6C /* ContentView.swift */; };
		5254084D2B874BA200521C6C /* Assets.xcassets in Resources */ = {isa = PBXBuildFile; fileRef = 5254084C2B874BA200521C6C /* Assets.xcassets */; };
		525408502B874BA200521C6C /* Preview Assets.xcassets in Resources */ = {isa = PBXBuildFile; fileRef = 5254084F2B874BA200521C6C /* Preview Assets.xcassets */; };
		525408592B8A22FA00521C6C /* ListsView.swift in Sources */ = {isa = PBXBuildFile; fileRef = 525408582B8A22FA00521C6C /* ListsView.swift */; };
		525408612B8B748000521C6C /* DetailsView.swift in Sources */ = {isa = PBXBuildFile; fileRef = 525408602B8B748000521C6C /* DetailsView.swift */; };
		5264489C2BCE6A0500D9CBE7 /* Colors.swift in Sources */ = {isa = PBXBuildFile; fileRef = 5264489B2BCE6A0500D9CBE7 /* Colors.swift */; };
		526C0E802BF3D7B800D6A2F6 /* LoginRegisterViewModel.swift in Sources */ = {isa = PBXBuildFile; fileRef = 526C0E7F2BF3D7B800D6A2F6 /* LoginRegisterViewModel.swift */; };
		526C0E822BF66EF300D6A2F6 /* LandingView.swift in Sources */ = {isa = PBXBuildFile; fileRef = 526C0E812BF66EF300D6A2F6 /* LandingView.swift */; };
		5276C15E2CBCFF5600BC51A6 /* UserModelDTO.swift in Sources */ = {isa = PBXBuildFile; fileRef = 5276C15D2CBCFF4C00BC51A6 /* UserModelDTO.swift */; };
		5278117A2BD9117600B9F3D1 /* GoogleService-Info.plist in Resources */ = {isa = PBXBuildFile; fileRef = 527811792BD9117600B9F3D1 /* GoogleService-Info.plist */; };
		5278117D2BD9147200B9F3D1 /* FirebaseAnalytics in Frameworks */ = {isa = PBXBuildFile; productRef = 5278117C2BD9147200B9F3D1 /* FirebaseAnalytics */; };
		5278117F2BD9147200B9F3D1 /* FirebaseAuth in Frameworks */ = {isa = PBXBuildFile; productRef = 5278117E2BD9147200B9F3D1 /* FirebaseAuth */; };
		527811812BD9147200B9F3D1 /* FirebaseFirestore in Frameworks */ = {isa = PBXBuildFile; productRef = 527811802BD9147200B9F3D1 /* FirebaseFirestore */; };
		527811842BD9188400B9F3D1 /* AccountManager.swift in Sources */ = {isa = PBXBuildFile; fileRef = 527811832BD9188400B9F3D1 /* AccountManager.swift */; };
		527811862BD91F9800B9F3D1 /* ProfileView.swift in Sources */ = {isa = PBXBuildFile; fileRef = 527811852BD91F9800B9F3D1 /* ProfileView.swift */; };
		5278118E2BDA350200B9F3D1 /* LoginRegisterView.swift in Sources */ = {isa = PBXBuildFile; fileRef = 5278118D2BDA350200B9F3D1 /* LoginRegisterView.swift */; };
		527811902BDA4E0F00B9F3D1 /* LoginResponse.swift in Sources */ = {isa = PBXBuildFile; fileRef = 5278118F2BDA4E0F00B9F3D1 /* LoginResponse.swift */; };
		527811932BDA4F7000B9F3D1 /* SearchDetailViewModel.swift in Sources */ = {isa = PBXBuildFile; fileRef = 527811922BDA4F7000B9F3D1 /* SearchDetailViewModel.swift */; };
		527811952BDFBB0F00B9F3D1 /* BrowseViewModel.swift in Sources */ = {isa = PBXBuildFile; fileRef = 527811942BDFBB0F00B9F3D1 /* BrowseViewModel.swift */; };
		528CEFF92C959C36001EA849 /* ShowModel.swift in Sources */ = {isa = PBXBuildFile; fileRef = 528CEFF82C959C36001EA849 /* ShowModel.swift */; };
		528CEFFB2C959C8B001EA849 /* UserModel.swift in Sources */ = {isa = PBXBuildFile; fileRef = 528CEFFA2C959C8B001EA849 /* UserModel.swift */; };
		528CEFFD2C959D18001EA849 /* SeasonModel.swift in Sources */ = {isa = PBXBuildFile; fileRef = 528CEFFC2C959D18001EA849 /* SeasonModel.swift */; };
		528CF0032C95A3D9001EA849 /* EpisodeModel.swift in Sources */ = {isa = PBXBuildFile; fileRef = 528CF0022C95A3D9001EA849 /* EpisodeModel.swift */; };
		52901DE62BA4B121003D44F8 /* BrowseView.swift in Sources */ = {isa = PBXBuildFile; fileRef = 52901DE52BA4B121003D44F8 /* BrowseView.swift */; };
		52901DEA2BA4C2B9003D44F8 /* ShowOverviewModel.swift in Sources */ = {isa = PBXBuildFile; fileRef = 52901DE92BA4C2B9003D44F8 /* ShowOverviewModel.swift */; };
		529129662C903ADA00872F4D /* CachedAsyncImage.swift in Sources */ = {isa = PBXBuildFile; fileRef = 529129652C903ADA00872F4D /* CachedAsyncImage.swift */; };
		529129682C904E9400872F4D /* ImageCache.swift in Sources */ = {isa = PBXBuildFile; fileRef = 529129672C904E9400872F4D /* ImageCache.swift */; };
		5291296A2C904EC600872F4D /* MD5StringExtension.swift in Sources */ = {isa = PBXBuildFile; fileRef = 529129692C904EC600872F4D /* MD5StringExtension.swift */; };
		5291296C2C90554B00872F4D /* ImageUIImageExtension.swift in Sources */ = {isa = PBXBuildFile; fileRef = 5291296B2C90554B00872F4D /* ImageUIImageExtension.swift */; };
		5291296E2C90572000872F4D /* SettingsView.swift in Sources */ = {isa = PBXBuildFile; fileRef = 5291296D2C90572000872F4D /* SettingsView.swift */; };
		529129702C918C8D00872F4D /* ThemeProtocol.swift in Sources */ = {isa = PBXBuildFile; fileRef = 5291296F2C918C8D00872F4D /* ThemeProtocol.swift */; };
		52BABFD72BD167AD0087C412 /* NeumorphicButton.swift in Sources */ = {isa = PBXBuildFile; fileRef = 52BABFD62BD167AD0087C412 /* NeumorphicButton.swift */; };
		52C9E7692BB5AFD9007017E3 /* ShowDTO.swift in Sources */ = {isa = PBXBuildFile; fileRef = 52C9E7682BB5AFD9007017E3 /* ShowDTO.swift */; };
		52C9E76C2BB5B63D007017E3 /* TVDbAPIController.swift in Sources */ = {isa = PBXBuildFile; fileRef = 52C9E76B2BB5B63D007017E3 /* TVDbAPIController.swift */; };
		52C9E76F2BB5BD59007017E3 /* SearchDTO.swift in Sources */ = {isa = PBXBuildFile; fileRef = 52C9E76E2BB5BD59007017E3 /* SearchDTO.swift */; };
		52C9E7732BB831BE007017E3 /* SearchRowView.swift in Sources */ = {isa = PBXBuildFile; fileRef = 52C9E7722BB831BE007017E3 /* SearchRowView.swift */; };
		52C9E7772BB86300007017E3 /* SearchDetailsView.swift in Sources */ = {isa = PBXBuildFile; fileRef = 52C9E7762BB86300007017E3 /* SearchDetailsView.swift */; };
		52EAB5612BCDAA5E00604623 /* APIControllerKey.swift in Sources */ = {isa = PBXBuildFile; fileRef = 52EAB5602BCDAA5E00604623 /* APIControllerKey.swift */; };
		52EAB5632BCDAB1200604623 /* APIController.swift in Sources */ = {isa = PBXBuildFile; fileRef = 52EAB5622BCDAB1200604623 /* APIController.swift */; };
/* End PBXBuildFile section */

/* Begin PBXContainerItemProxy section */
		521438C12CCABCF0006BD57E /* PBXContainerItemProxy */ = {
			isa = PBXContainerItemProxy;
			containerPortal = 5254083B2B874B9F00521C6C /* Project object */;
			proxyType = 1;
			remoteGlobalIDString = 525408422B874BA000521C6C;
			remoteInfo = Omicron;
		};
		521438D02CCC1738006BD57E /* PBXContainerItemProxy */ = {
			isa = PBXContainerItemProxy;
			containerPortal = 5254083B2B874B9F00521C6C /* Project object */;
			proxyType = 1;
			remoteGlobalIDString = 525408422B874BA000521C6C;
			remoteInfo = Omicron;
		};
/* End PBXContainerItemProxy section */

/* Begin PBXFileReference section */
		521438B12CC956E3006BD57E /* ListViewModel.swift */ = {isa = PBXFileReference; lastKnownFileType = sourcecode.swift; path = ListViewModel.swift; sourceTree = "<group>"; };
		521438BD2CCABCF0006BD57E /* OmicronUnitTests.xctest */ = {isa = PBXFileReference; explicitFileType = wrapper.cfbundle; includeInIndex = 0; path = OmicronUnitTests.xctest; sourceTree = BUILT_PRODUCTS_DIR; };
		521438CA2CCC1738006BD57E /* OmicronUITests.xctest */ = {isa = PBXFileReference; explicitFileType = wrapper.cfbundle; includeInIndex = 0; path = OmicronUITests.xctest; sourceTree = BUILT_PRODUCTS_DIR; };
		521EF03C2CCD188E00005C5F /* OmicronTestPlan.xctestplan */ = {isa = PBXFileReference; lastKnownFileType = text; path = OmicronTestPlan.xctestplan; sourceTree = "<group>"; };
		52422D542C695B3400C53EB1 /* ListViewItemLabel.swift */ = {isa = PBXFileReference; lastKnownFileType = sourcecode.swift; path = ListViewItemLabel.swift; sourceTree = "<group>"; };
		52422D592C695CAA00C53EB1 /* DetailsViewRatingOverlayView.swift */ = {isa = PBXFileReference; lastKnownFileType = sourcecode.swift; path = DetailsViewRatingOverlayView.swift; sourceTree = "<group>"; };
		52422D5C2C6ABCD100C53EB1 /* SearchDetailsHeaderView.swift */ = {isa = PBXFileReference; lastKnownFileType = sourcecode.swift; path = SearchDetailsHeaderView.swift; sourceTree = "<group>"; };
		52422D5F2C6ABF4500C53EB1 /* SingleSeasonView.swift */ = {isa = PBXFileReference; lastKnownFileType = sourcecode.swift; path = SingleSeasonView.swift; sourceTree = "<group>"; };
		5243F2752CD6701900990CBB /* LibraryManager.swift */ = {isa = PBXFileReference; lastKnownFileType = sourcecode.swift; path = LibraryManager.swift; sourceTree = "<group>"; };
		5243F27F2CD97A2000990CBB /* LoadingView.swift */ = {isa = PBXFileReference; lastKnownFileType = sourcecode.swift; path = LoadingView.swift; sourceTree = "<group>"; };
		525408432B874BA000521C6C /* Omicron.app */ = {isa = PBXFileReference; explicitFileType = wrapper.application; includeInIndex = 0; path = Omicron.app; sourceTree = BUILT_PRODUCTS_DIR; };
		525408462B874BA000521C6C /* OmicronApp.swift */ = {isa = PBXFileReference; lastKnownFileType = sourcecode.swift; path = OmicronApp.swift; sourceTree = "<group>"; };
		525408482B874BA000521C6C /* ContentView.swift */ = {isa = PBXFileReference; lastKnownFileType = sourcecode.swift; path = ContentView.swift; sourceTree = "<group>"; };
		5254084C2B874BA200521C6C /* Assets.xcassets */ = {isa = PBXFileReference; lastKnownFileType = folder.assetcatalog; path = Assets.xcassets; sourceTree = "<group>"; };
		5254084F2B874BA200521C6C /* Preview Assets.xcassets */ = {isa = PBXFileReference; lastKnownFileType = folder.assetcatalog; path = "Preview Assets.xcassets"; sourceTree = "<group>"; };
		525408582B8A22FA00521C6C /* ListsView.swift */ = {isa = PBXFileReference; lastKnownFileType = sourcecode.swift; path = ListsView.swift; sourceTree = "<group>"; };
		525408602B8B748000521C6C /* DetailsView.swift */ = {isa = PBXFileReference; lastKnownFileType = sourcecode.swift; path = DetailsView.swift; sourceTree = "<group>"; };
		5264489B2BCE6A0500D9CBE7 /* Colors.swift */ = {isa = PBXFileReference; lastKnownFileType = sourcecode.swift; path = Colors.swift; sourceTree = "<group>"; };
		526C0E7F2BF3D7B800D6A2F6 /* LoginRegisterViewModel.swift */ = {isa = PBXFileReference; lastKnownFileType = sourcecode.swift; path = LoginRegisterViewModel.swift; sourceTree = "<group>"; };
		526C0E812BF66EF300D6A2F6 /* LandingView.swift */ = {isa = PBXFileReference; lastKnownFileType = sourcecode.swift; path = LandingView.swift; sourceTree = "<group>"; };
		5276C15D2CBCFF4C00BC51A6 /* UserModelDTO.swift */ = {isa = PBXFileReference; lastKnownFileType = sourcecode.swift; path = UserModelDTO.swift; sourceTree = "<group>"; };
		527811792BD9117600B9F3D1 /* GoogleService-Info.plist */ = {isa = PBXFileReference; fileEncoding = 4; lastKnownFileType = text.plist.xml; path = "GoogleService-Info.plist"; sourceTree = "<group>"; };
		527811832BD9188400B9F3D1 /* AccountManager.swift */ = {isa = PBXFileReference; lastKnownFileType = sourcecode.swift; path = AccountManager.swift; sourceTree = "<group>"; };
		527811852BD91F9800B9F3D1 /* ProfileView.swift */ = {isa = PBXFileReference; lastKnownFileType = sourcecode.swift; path = ProfileView.swift; sourceTree = "<group>"; };
		5278118D2BDA350200B9F3D1 /* LoginRegisterView.swift */ = {isa = PBXFileReference; lastKnownFileType = sourcecode.swift; path = LoginRegisterView.swift; sourceTree = "<group>"; };
		5278118F2BDA4E0F00B9F3D1 /* LoginResponse.swift */ = {isa = PBXFileReference; lastKnownFileType = sourcecode.swift; path = LoginResponse.swift; sourceTree = "<group>"; };
		527811922BDA4F7000B9F3D1 /* SearchDetailViewModel.swift */ = {isa = PBXFileReference; lastKnownFileType = sourcecode.swift; path = SearchDetailViewModel.swift; sourceTree = "<group>"; };
		527811942BDFBB0F00B9F3D1 /* BrowseViewModel.swift */ = {isa = PBXFileReference; lastKnownFileType = sourcecode.swift; path = BrowseViewModel.swift; sourceTree = "<group>"; };
		528CEFF82C959C36001EA849 /* ShowModel.swift */ = {isa = PBXFileReference; lastKnownFileType = sourcecode.swift; path = ShowModel.swift; sourceTree = "<group>"; };
		528CEFFA2C959C8B001EA849 /* UserModel.swift */ = {isa = PBXFileReference; lastKnownFileType = sourcecode.swift; path = UserModel.swift; sourceTree = "<group>"; };
		528CEFFC2C959D18001EA849 /* SeasonModel.swift */ = {isa = PBXFileReference; lastKnownFileType = sourcecode.swift; path = SeasonModel.swift; sourceTree = "<group>"; };
		528CF0022C95A3D9001EA849 /* EpisodeModel.swift */ = {isa = PBXFileReference; lastKnownFileType = sourcecode.swift; path = EpisodeModel.swift; sourceTree = "<group>"; };
		52901DE52BA4B121003D44F8 /* BrowseView.swift */ = {isa = PBXFileReference; lastKnownFileType = sourcecode.swift; path = BrowseView.swift; sourceTree = "<group>"; };
		52901DE92BA4C2B9003D44F8 /* ShowOverviewModel.swift */ = {isa = PBXFileReference; lastKnownFileType = sourcecode.swift; path = ShowOverviewModel.swift; sourceTree = "<group>"; };
		529129652C903ADA00872F4D /* CachedAsyncImage.swift */ = {isa = PBXFileReference; lastKnownFileType = sourcecode.swift; path = CachedAsyncImage.swift; sourceTree = "<group>"; };
		529129672C904E9400872F4D /* ImageCache.swift */ = {isa = PBXFileReference; lastKnownFileType = sourcecode.swift; path = ImageCache.swift; sourceTree = "<group>"; };
		529129692C904EC600872F4D /* MD5StringExtension.swift */ = {isa = PBXFileReference; lastKnownFileType = sourcecode.swift; path = MD5StringExtension.swift; sourceTree = "<group>"; };
		5291296B2C90554B00872F4D /* ImageUIImageExtension.swift */ = {isa = PBXFileReference; lastKnownFileType = sourcecode.swift; path = ImageUIImageExtension.swift; sourceTree = "<group>"; };
		5291296D2C90572000872F4D /* SettingsView.swift */ = {isa = PBXFileReference; lastKnownFileType = sourcecode.swift; path = SettingsView.swift; sourceTree = "<group>"; };
		5291296F2C918C8D00872F4D /* ThemeProtocol.swift */ = {isa = PBXFileReference; lastKnownFileType = sourcecode.swift; path = ThemeProtocol.swift; sourceTree = "<group>"; };
		52BABFD62BD167AD0087C412 /* NeumorphicButton.swift */ = {isa = PBXFileReference; lastKnownFileType = sourcecode.swift; path = NeumorphicButton.swift; sourceTree = "<group>"; };
		52C9E7682BB5AFD9007017E3 /* ShowDTO.swift */ = {isa = PBXFileReference; lastKnownFileType = sourcecode.swift; path = ShowDTO.swift; sourceTree = "<group>"; };
		52C9E76B2BB5B63D007017E3 /* TVDbAPIController.swift */ = {isa = PBXFileReference; lastKnownFileType = sourcecode.swift; path = TVDbAPIController.swift; sourceTree = "<group>"; };
		52C9E76E2BB5BD59007017E3 /* SearchDTO.swift */ = {isa = PBXFileReference; lastKnownFileType = sourcecode.swift; path = SearchDTO.swift; sourceTree = "<group>"; };
		52C9E7722BB831BE007017E3 /* SearchRowView.swift */ = {isa = PBXFileReference; lastKnownFileType = sourcecode.swift; path = SearchRowView.swift; sourceTree = "<group>"; };
		52C9E7762BB86300007017E3 /* SearchDetailsView.swift */ = {isa = PBXFileReference; lastKnownFileType = sourcecode.swift; path = SearchDetailsView.swift; sourceTree = "<group>"; };
		52EAB5602BCDAA5E00604623 /* APIControllerKey.swift */ = {isa = PBXFileReference; lastKnownFileType = sourcecode.swift; path = APIControllerKey.swift; sourceTree = "<group>"; };
		52EAB5622BCDAB1200604623 /* APIController.swift */ = {isa = PBXFileReference; lastKnownFileType = sourcecode.swift; path = APIController.swift; sourceTree = "<group>"; };
/* End PBXFileReference section */

/* Begin PBXFileSystemSynchronizedRootGroup section */
		521438BE2CCABCF0006BD57E /* OmicronUnitTests */ = {
			isa = PBXFileSystemSynchronizedRootGroup;
			path = OmicronUnitTests;
			sourceTree = "<group>";
		};
		521438CB2CCC1738006BD57E /* OmicronUITests */ = {
			isa = PBXFileSystemSynchronizedRootGroup;
			path = OmicronUITests;
			sourceTree = "<group>";
		};
/* End PBXFileSystemSynchronizedRootGroup section */

/* Begin PBXFrameworksBuildPhase section */
		521438BA2CCABCF0006BD57E /* Frameworks */ = {
			isa = PBXFrameworksBuildPhase;
			buildActionMask = 2147483647;
			files = (
			);
			runOnlyForDeploymentPostprocessing = 0;
		};
		521438C72CCC1738006BD57E /* Frameworks */ = {
			isa = PBXFrameworksBuildPhase;
			buildActionMask = 2147483647;
			files = (
			);
			runOnlyForDeploymentPostprocessing = 0;
		};
		525408402B874BA000521C6C /* Frameworks */ = {
			isa = PBXFrameworksBuildPhase;
			buildActionMask = 2147483647;
			files = (
				5278117D2BD9147200B9F3D1 /* FirebaseAnalytics in Frameworks */,
				5278117F2BD9147200B9F3D1 /* FirebaseAuth in Frameworks */,
				527811812BD9147200B9F3D1 /* FirebaseFirestore in Frameworks */,
			);
			runOnlyForDeploymentPostprocessing = 0;
		};
/* End PBXFrameworksBuildPhase section */

/* Begin PBXGroup section */
		521438B02CC9533C006BD57E /* Utils */ = {
			isa = PBXGroup;
			children = (
				529129672C904E9400872F4D /* ImageCache.swift */,
				529129692C904EC600872F4D /* MD5StringExtension.swift */,
			);
			path = Utils;
			sourceTree = "<group>";
		};
		521438B32CCAB8B4006BD57E /* Code */ = {
			isa = PBXGroup;
			children = (
				525408462B874BA000521C6C /* OmicronApp.swift */,
				527811822BD9187200B9F3D1 /* Database */,
				5254085E2B8B73BD00521C6C /* Views */,
				527811912BDA4F6000B9F3D1 /* ViewModels */,
				528778FE2B9A5F2800729FB3 /* Controller */,
				521438B02CC9533C006BD57E /* Utils */,
			);
			path = Code;
			sourceTree = "<group>";
		};
		52422D532C695B1300C53EB1 /* ListView */ = {
			isa = PBXGroup;
			children = (
				525408582B8A22FA00521C6C /* ListsView.swift */,
				52422D542C695B3400C53EB1 /* ListViewItemLabel.swift */,
				52422D562C695B9D00C53EB1 /* DetailsView */,
			);
			path = ListView;
			sourceTree = "<group>";
		};
		52422D562C695B9D00C53EB1 /* DetailsView */ = {
			isa = PBXGroup;
			children = (
				525408602B8B748000521C6C /* DetailsView.swift */,
				52422D592C695CAA00C53EB1 /* DetailsViewRatingOverlayView.swift */,
				52422D5F2C6ABF4500C53EB1 /* SingleSeasonView.swift */,
			);
			path = DetailsView;
			sourceTree = "<group>";
		};
		52422D5B2C6ABCA900C53EB1 /* SearchDetailsView */ = {
			isa = PBXGroup;
			children = (
				52C9E7762BB86300007017E3 /* SearchDetailsView.swift */,
				52422D5C2C6ABCD100C53EB1 /* SearchDetailsHeaderView.swift */,
			);
			path = SearchDetailsView;
			sourceTree = "<group>";
		};
		5254083A2B874B9F00521C6C = {
			isa = PBXGroup;
			children = (
				525408452B874BA000521C6C /* Omicron */,
				521EF03C2CCD188E00005C5F /* OmicronTestPlan.xctestplan */,
				521438BE2CCABCF0006BD57E /* OmicronUnitTests */,
				521438CB2CCC1738006BD57E /* OmicronUITests */,
				525408442B874BA000521C6C /* Products */,
			);
			sourceTree = "<group>";
		};
		525408442B874BA000521C6C /* Products */ = {
			isa = PBXGroup;
			children = (
				525408432B874BA000521C6C /* Omicron.app */,
				521438BD2CCABCF0006BD57E /* OmicronUnitTests.xctest */,
				521438CA2CCC1738006BD57E /* OmicronUITests.xctest */,
			);
			name = Products;
			sourceTree = "<group>";
		};
		525408452B874BA000521C6C /* Omicron */ = {
			isa = PBXGroup;
			children = (
				521438B32CCAB8B4006BD57E /* Code */,
				5254084E2B874BA200521C6C /* Preview Content */,
				527811792BD9117600B9F3D1 /* GoogleService-Info.plist */,
				5254084C2B874BA200521C6C /* Assets.xcassets */,
			);
			path = Omicron;
			sourceTree = "<group>";
		};
		5254084E2B874BA200521C6C /* Preview Content */ = {
			isa = PBXGroup;
			children = (
				5254084F2B874BA200521C6C /* Preview Assets.xcassets */,
			);
			path = "Preview Content";
			sourceTree = "<group>";
		};
		5254085E2B8B73BD00521C6C /* Views */ = {
			isa = PBXGroup;
			children = (
				52BABFD52BD167910087C412 /* Components */,
				5276C15F2CBD212B00BC51A6 /* Browse */,
				52422D532C695B1300C53EB1 /* ListView */,
				5291296D2C90572000872F4D /* SettingsView.swift */,
				5276C1602CBD219C00BC51A6 /* Account */,
				525408482B874BA000521C6C /* ContentView.swift */,
				526C0E812BF66EF300D6A2F6 /* LandingView.swift */,
			);
			path = Views;
			sourceTree = "<group>";
		};
		5254085F2B8B73D700521C6C /* Model */ = {
			isa = PBXGroup;
			children = (
				528CEFF72C959C1D001EA849 /* SwiftDataModels */,
				52C9E76E2BB5BD59007017E3 /* SearchDTO.swift */,
				52C9E7682BB5AFD9007017E3 /* ShowDTO.swift */,
				5276C15D2CBCFF4C00BC51A6 /* UserModelDTO.swift */,
				5278118F2BDA4E0F00B9F3D1 /* LoginResponse.swift */,
			);
			path = Model;
			sourceTree = "<group>";
		};
		5276C15F2CBD212B00BC51A6 /* Browse */ = {
			isa = PBXGroup;
			children = (
				52901DE52BA4B121003D44F8 /* BrowseView.swift */,
				52C9E7722BB831BE007017E3 /* SearchRowView.swift */,
				52422D5B2C6ABCA900C53EB1 /* SearchDetailsView */,
			);
			path = Browse;
			sourceTree = "<group>";
		};
		5276C1602CBD219C00BC51A6 /* Account */ = {
			isa = PBXGroup;
			children = (
				527811852BD91F9800B9F3D1 /* ProfileView.swift */,
				5278118D2BDA350200B9F3D1 /* LoginRegisterView.swift */,
			);
			path = Account;
			sourceTree = "<group>";
		};
		527811822BD9187200B9F3D1 /* Database */ = {
			isa = PBXGroup;
			children = (
				5254085F2B8B73D700521C6C /* Model */,
				527811832BD9188400B9F3D1 /* AccountManager.swift */,
				5243F2752CD6701900990CBB /* LibraryManager.swift */,
			);
			path = Database;
			sourceTree = "<group>";
		};
		527811912BDA4F6000B9F3D1 /* ViewModels */ = {
			isa = PBXGroup;
			children = (
				527811922BDA4F7000B9F3D1 /* SearchDetailViewModel.swift */,
				527811942BDFBB0F00B9F3D1 /* BrowseViewModel.swift */,
				526C0E7F2BF3D7B800D6A2F6 /* LoginRegisterViewModel.swift */,
				521438B12CC956E3006BD57E /* ListViewModel.swift */,
			);
			path = ViewModels;
			sourceTree = "<group>";
		};
		528778FE2B9A5F2800729FB3 /* Controller */ = {
			isa = PBXGroup;
			children = (
				52C9E76B2BB5B63D007017E3 /* TVDbAPIController.swift */,
				52EAB5622BCDAB1200604623 /* APIController.swift */,
				52EAB5602BCDAA5E00604623 /* APIControllerKey.swift */,
			);
			path = Controller;
			sourceTree = "<group>";
		};
		528CEFF72C959C1D001EA849 /* SwiftDataModels */ = {
			isa = PBXGroup;
			children = (
				528CEFF82C959C36001EA849 /* ShowModel.swift */,
				528CEFFA2C959C8B001EA849 /* UserModel.swift */,
				528CEFFC2C959D18001EA849 /* SeasonModel.swift */,
				528CF0022C95A3D9001EA849 /* EpisodeModel.swift */,
				52901DE92BA4C2B9003D44F8 /* ShowOverviewModel.swift */,
			);
			path = SwiftDataModels;
			sourceTree = "<group>";
		};
		52BABFD52BD167910087C412 /* Components */ = {
			isa = PBXGroup;
			children = (
				5264489B2BCE6A0500D9CBE7 /* Colors.swift */,
				52BABFD62BD167AD0087C412 /* NeumorphicButton.swift */,
				529129652C903ADA00872F4D /* CachedAsyncImage.swift */,
				5291296B2C90554B00872F4D /* ImageUIImageExtension.swift */,
				5291296F2C918C8D00872F4D /* ThemeProtocol.swift */,
				5243F27F2CD97A2000990CBB /* LoadingView.swift */,
			);
			path = Components;
			sourceTree = "<group>";
		};
/* End PBXGroup section */

/* Begin PBXNativeTarget section */
		521438BC2CCABCF0006BD57E /* OmicronUnitTests */ = {
			isa = PBXNativeTarget;
			buildConfigurationList = 521438C32CCABCF0006BD57E /* Build configuration list for PBXNativeTarget "OmicronUnitTests" */;
			buildPhases = (
				521438B92CCABCF0006BD57E /* Sources */,
				521438BA2CCABCF0006BD57E /* Frameworks */,
				521438BB2CCABCF0006BD57E /* Resources */,
			);
			buildRules = (
			);
			dependencies = (
				521438C22CCABCF0006BD57E /* PBXTargetDependency */,
			);
			fileSystemSynchronizedGroups = (
				521438BE2CCABCF0006BD57E /* OmicronUnitTests */,
			);
			name = OmicronUnitTests;
			packageProductDependencies = (
			);
			productName = OmicronTests;
			productReference = 521438BD2CCABCF0006BD57E /* OmicronUnitTests.xctest */;
			productType = "com.apple.product-type.bundle.unit-test";
		};
		521438C92CCC1738006BD57E /* OmicronUITests */ = {
			isa = PBXNativeTarget;
			buildConfigurationList = 521438D22CCC1738006BD57E /* Build configuration list for PBXNativeTarget "OmicronUITests" */;
			buildPhases = (
				521438C62CCC1738006BD57E /* Sources */,
				521438C72CCC1738006BD57E /* Frameworks */,
				521438C82CCC1738006BD57E /* Resources */,
			);
			buildRules = (
			);
			dependencies = (
				521438D12CCC1738006BD57E /* PBXTargetDependency */,
			);
			fileSystemSynchronizedGroups = (
				521438CB2CCC1738006BD57E /* OmicronUITests */,
			);
			name = OmicronUITests;
			packageProductDependencies = (
			);
			productName = OmicronUITests;
			productReference = 521438CA2CCC1738006BD57E /* OmicronUITests.xctest */;
			productType = "com.apple.product-type.bundle.ui-testing";
		};
		525408422B874BA000521C6C /* Omicron */ = {
			isa = PBXNativeTarget;
			buildConfigurationList = 525408532B874BA200521C6C /* Build configuration list for PBXNativeTarget "Omicron" */;
			buildPhases = (
				5254083F2B874BA000521C6C /* Sources */,
				525408402B874BA000521C6C /* Frameworks */,
				525408412B874BA000521C6C /* Resources */,
			);
			buildRules = (
			);
			dependencies = (
			);
			name = Omicron;
			packageProductDependencies = (
				5278117C2BD9147200B9F3D1 /* FirebaseAnalytics */,
				5278117E2BD9147200B9F3D1 /* FirebaseAuth */,
				527811802BD9147200B9F3D1 /* FirebaseFirestore */,
			);
			productName = Omicron;
			productReference = 525408432B874BA000521C6C /* Omicron.app */;
			productType = "com.apple.product-type.application";
		};
/* End PBXNativeTarget section */

/* Begin PBXProject section */
		5254083B2B874B9F00521C6C /* Project object */ = {
			isa = PBXProject;
			attributes = {
				BuildIndependentTargetsInParallel = 1;
				LastSwiftUpdateCheck = 1600;
				LastUpgradeCheck = 1520;
				TargetAttributes = {
					521438BC2CCABCF0006BD57E = {
						CreatedOnToolsVersion = 16.0;
						TestTargetID = 525408422B874BA000521C6C;
					};
					521438C92CCC1738006BD57E = {
						CreatedOnToolsVersion = 16.0;
						TestTargetID = 525408422B874BA000521C6C;
					};
					525408422B874BA000521C6C = {
						CreatedOnToolsVersion = 15.2;
					};
				};
			};
			buildConfigurationList = 5254083E2B874BA000521C6C /* Build configuration list for PBXProject "Omicron" */;
			developmentRegion = en;
			hasScannedForEncodings = 0;
			knownRegions = (
				en,
				Base,
			);
			mainGroup = 5254083A2B874B9F00521C6C;
			packageReferences = (
				5278117B2BD9147200B9F3D1 /* XCRemoteSwiftPackageReference "firebase-ios-sdk" */,
			);
			preferredProjectObjectVersion = 77;
			productRefGroup = 525408442B874BA000521C6C /* Products */;
			projectDirPath = "";
			projectRoot = "";
			targets = (
				525408422B874BA000521C6C /* Omicron */,
				521438BC2CCABCF0006BD57E /* OmicronUnitTests */,
				521438C92CCC1738006BD57E /* OmicronUITests */,
			);
		};
/* End PBXProject section */

/* Begin PBXResourcesBuildPhase section */
		521438BB2CCABCF0006BD57E /* Resources */ = {
			isa = PBXResourcesBuildPhase;
			buildActionMask = 2147483647;
			files = (
				521EF03D2CCD188E00005C5F /* OmicronTestPlan.xctestplan in Resources */,
			);
			runOnlyForDeploymentPostprocessing = 0;
		};
		521438C82CCC1738006BD57E /* Resources */ = {
			isa = PBXResourcesBuildPhase;
			buildActionMask = 2147483647;
			files = (
			);
			runOnlyForDeploymentPostprocessing = 0;
		};
		525408412B874BA000521C6C /* Resources */ = {
			isa = PBXResourcesBuildPhase;
			buildActionMask = 2147483647;
			files = (
				525408502B874BA200521C6C /* Preview Assets.xcassets in Resources */,
				5278117A2BD9117600B9F3D1 /* GoogleService-Info.plist in Resources */,
				5254084D2B874BA200521C6C /* Assets.xcassets in Resources */,
			);
			runOnlyForDeploymentPostprocessing = 0;
		};
/* End PBXResourcesBuildPhase section */

/* Begin PBXSourcesBuildPhase section */
		521438B92CCABCF0006BD57E /* Sources */ = {
			isa = PBXSourcesBuildPhase;
			buildActionMask = 2147483647;
			files = (
			);
			runOnlyForDeploymentPostprocessing = 0;
		};
		521438C62CCC1738006BD57E /* Sources */ = {
			isa = PBXSourcesBuildPhase;
			buildActionMask = 2147483647;
			files = (
			);
			runOnlyForDeploymentPostprocessing = 0;
		};
		5254083F2B874BA000521C6C /* Sources */ = {
			isa = PBXSourcesBuildPhase;
			buildActionMask = 2147483647;
			files = (
				525408612B8B748000521C6C /* DetailsView.swift in Sources */,
				525408492B874BA000521C6C /* ContentView.swift in Sources */,
				525408592B8A22FA00521C6C /* ListsView.swift in Sources */,
				528CEFFD2C959D18001EA849 /* SeasonModel.swift in Sources */,
				527811842BD9188400B9F3D1 /* AccountManager.swift in Sources */,
				527811952BDFBB0F00B9F3D1 /* BrowseViewModel.swift in Sources */,
				5278118E2BDA350200B9F3D1 /* LoginRegisterView.swift in Sources */,
				52C9E7772BB86300007017E3 /* SearchDetailsView.swift in Sources */,
				52901DEA2BA4C2B9003D44F8 /* ShowOverviewModel.swift in Sources */,
				528CEFFB2C959C8B001EA849 /* UserModel.swift in Sources */,
				528CEFF92C959C36001EA849 /* ShowModel.swift in Sources */,
				5291296C2C90554B00872F4D /* ImageUIImageExtension.swift in Sources */,
				529129682C904E9400872F4D /* ImageCache.swift in Sources */,
				526C0E802BF3D7B800D6A2F6 /* LoginRegisterViewModel.swift in Sources */,
				52901DE62BA4B121003D44F8 /* BrowseView.swift in Sources */,
				5243F2762CD6701900990CBB /* LibraryManager.swift in Sources */,
				529129702C918C8D00872F4D /* ThemeProtocol.swift in Sources */,
				5291296A2C904EC600872F4D /* MD5StringExtension.swift in Sources */,
				5264489C2BCE6A0500D9CBE7 /* Colors.swift in Sources */,
				52EAB5612BCDAA5E00604623 /* APIControllerKey.swift in Sources */,
				528CF0032C95A3D9001EA849 /* EpisodeModel.swift in Sources */,
				52422D5D2C6ABCD100C53EB1 /* SearchDetailsHeaderView.swift in Sources */,
				52C9E7692BB5AFD9007017E3 /* ShowDTO.swift in Sources */,
				52EAB5632BCDAB1200604623 /* APIController.swift in Sources */,
				526C0E822BF66EF300D6A2F6 /* LandingView.swift in Sources */,
				527811902BDA4E0F00B9F3D1 /* LoginResponse.swift in Sources */,
				5243F2802CD97A2000990CBB /* LoadingView.swift in Sources */,
				527811862BD91F9800B9F3D1 /* ProfileView.swift in Sources */,
				52422D602C6ABF4500C53EB1 /* SingleSeasonView.swift in Sources */,
				52C9E76F2BB5BD59007017E3 /* SearchDTO.swift in Sources */,
				52422D5A2C695CAA00C53EB1 /* DetailsViewRatingOverlayView.swift in Sources */,
				5276C15E2CBCFF5600BC51A6 /* UserModelDTO.swift in Sources */,
				521438B22CC956E3006BD57E /* ListViewModel.swift in Sources */,
				52422D552C695B3400C53EB1 /* ListViewItemLabel.swift in Sources */,
				525408472B874BA000521C6C /* OmicronApp.swift in Sources */,
				5291296E2C90572000872F4D /* SettingsView.swift in Sources */,
				52C9E7732BB831BE007017E3 /* SearchRowView.swift in Sources */,
				527811932BDA4F7000B9F3D1 /* SearchDetailViewModel.swift in Sources */,
				52C9E76C2BB5B63D007017E3 /* TVDbAPIController.swift in Sources */,
				529129662C903ADA00872F4D /* CachedAsyncImage.swift in Sources */,
				52BABFD72BD167AD0087C412 /* NeumorphicButton.swift in Sources */,
			);
			runOnlyForDeploymentPostprocessing = 0;
		};
/* End PBXSourcesBuildPhase section */

/* Begin PBXTargetDependency section */
		521438C22CCABCF0006BD57E /* PBXTargetDependency */ = {
			isa = PBXTargetDependency;
			target = 525408422B874BA000521C6C /* Omicron */;
			targetProxy = 521438C12CCABCF0006BD57E /* PBXContainerItemProxy */;
		};
		521438D12CCC1738006BD57E /* PBXTargetDependency */ = {
			isa = PBXTargetDependency;
			target = 525408422B874BA000521C6C /* Omicron */;
			targetProxy = 521438D02CCC1738006BD57E /* PBXContainerItemProxy */;
		};
/* End PBXTargetDependency section */

/* Begin XCBuildConfiguration section */
		521438C42CCABCF0006BD57E /* Debug */ = {
			isa = XCBuildConfiguration;
			buildSettings = {
				BUNDLE_LOADER = "$(TEST_HOST)";
				"CODE_SIGN_IDENTITY[sdk=iphoneos*]" = "iPhone Developer";
				CODE_SIGN_STYLE = Manual;
				CURRENT_PROJECT_VERSION = 1;
				DEVELOPMENT_TEAM = "";
				"DEVELOPMENT_TEAM[sdk=iphoneos*]" = 3PKRW86A3H;
				GENERATE_INFOPLIST_FILE = YES;
				IPHONEOS_DEPLOYMENT_TARGET = 18.0;
				MARKETING_VERSION = 1.0;
				PRODUCT_BUNDLE_IDENTIFIER = hu.bme.aut.benedekkis.OmicronTests;
				PRODUCT_NAME = "$(TARGET_NAME)";
				PROVISIONING_PROFILE_SPECIFIER = "";
				"PROVISIONING_PROFILE_SPECIFIER[sdk=iphoneos*]" = "Benedek Kis - Student - 2024 - Profile #2";
				SUPPORTED_PLATFORMS = "iphoneos iphonesimulator";
				SUPPORTS_MACCATALYST = NO;
				SUPPORTS_MAC_DESIGNED_FOR_IPHONE_IPAD = NO;
				SUPPORTS_XR_DESIGNED_FOR_IPHONE_IPAD = NO;
				SWIFT_EMIT_LOC_STRINGS = NO;
				SWIFT_VERSION = 5.0;
				TARGETED_DEVICE_FAMILY = 1;
				TEST_HOST = "$(BUILT_PRODUCTS_DIR)/Omicron.app/$(BUNDLE_EXECUTABLE_FOLDER_PATH)/Omicron";
			};
			name = Debug;
		};
		521438C52CCABCF0006BD57E /* Release */ = {
			isa = XCBuildConfiguration;
			buildSettings = {
				BUNDLE_LOADER = "$(TEST_HOST)";
				"CODE_SIGN_IDENTITY[sdk=iphoneos*]" = "iPhone Developer";
				CODE_SIGN_STYLE = Manual;
				CURRENT_PROJECT_VERSION = 1;
				DEVELOPMENT_TEAM = "";
				"DEVELOPMENT_TEAM[sdk=iphoneos*]" = 3PKRW86A3H;
				GENERATE_INFOPLIST_FILE = YES;
				IPHONEOS_DEPLOYMENT_TARGET = 18.0;
				MARKETING_VERSION = 1.0;
				PRODUCT_BUNDLE_IDENTIFIER = hu.bme.aut.benedekkis.OmicronTests;
				PRODUCT_NAME = "$(TARGET_NAME)";
				PROVISIONING_PROFILE_SPECIFIER = "";
				"PROVISIONING_PROFILE_SPECIFIER[sdk=iphoneos*]" = "Benedek Kis - Student - 2024 - Profile #2";
				SUPPORTED_PLATFORMS = "iphoneos iphonesimulator";
				SUPPORTS_MACCATALYST = NO;
				SUPPORTS_MAC_DESIGNED_FOR_IPHONE_IPAD = NO;
				SUPPORTS_XR_DESIGNED_FOR_IPHONE_IPAD = NO;
				SWIFT_EMIT_LOC_STRINGS = NO;
				SWIFT_VERSION = 5.0;
				TARGETED_DEVICE_FAMILY = 1;
				TEST_HOST = "$(BUILT_PRODUCTS_DIR)/Omicron.app/$(BUNDLE_EXECUTABLE_FOLDER_PATH)/Omicron";
			};
			name = Release;
		};
		521438D32CCC1738006BD57E /* Debug */ = {
			isa = XCBuildConfiguration;
			buildSettings = {
				CODE_SIGN_STYLE = Manual;
				CURRENT_PROJECT_VERSION = 1;
				DEVELOPMENT_TEAM = "";
				"DEVELOPMENT_TEAM[sdk=iphoneos*]" = 3PKRW86A3H;
				GENERATE_INFOPLIST_FILE = YES;
				IPHONEOS_DEPLOYMENT_TARGET = 18.0;
				MACOSX_DEPLOYMENT_TARGET = 15.0;
				MARKETING_VERSION = 1.0;
				PRODUCT_BUNDLE_IDENTIFIER = hu.bme.aut.benedekkis.OmicronUITests;
				PRODUCT_NAME = "$(TARGET_NAME)";
				PROVISIONING_PROFILE_SPECIFIER = "";
				"PROVISIONING_PROFILE_SPECIFIER[sdk=iphoneos*]" = "Benedek Kis - Student - 2024 - Profile #2";
				SDKROOT = auto;
				SUPPORTED_PLATFORMS = "iphoneos iphonesimulator";
				SUPPORTS_MACCATALYST = NO;
				SWIFT_EMIT_LOC_STRINGS = NO;
				SWIFT_VERSION = 5.0;
				TARGETED_DEVICE_FAMILY = 1;
				TEST_TARGET_NAME = Omicron;
				XROS_DEPLOYMENT_TARGET = 2.0;
			};
			name = Debug;
		};
		521438D42CCC1738006BD57E /* Release */ = {
			isa = XCBuildConfiguration;
			buildSettings = {
				CODE_SIGN_STYLE = Manual;
				CURRENT_PROJECT_VERSION = 1;
				DEVELOPMENT_TEAM = "";
				"DEVELOPMENT_TEAM[sdk=iphoneos*]" = 3PKRW86A3H;
				GENERATE_INFOPLIST_FILE = YES;
				IPHONEOS_DEPLOYMENT_TARGET = 18.0;
				MACOSX_DEPLOYMENT_TARGET = 15.0;
				MARKETING_VERSION = 1.0;
				PRODUCT_BUNDLE_IDENTIFIER = hu.bme.aut.benedekkis.OmicronUITests;
				PRODUCT_NAME = "$(TARGET_NAME)";
				PROVISIONING_PROFILE_SPECIFIER = "";
				"PROVISIONING_PROFILE_SPECIFIER[sdk=iphoneos*]" = "Benedek Kis - Student - 2024 - Profile #2";
				SDKROOT = auto;
				SUPPORTED_PLATFORMS = "iphoneos iphonesimulator";
				SUPPORTS_MACCATALYST = NO;
				SWIFT_EMIT_LOC_STRINGS = NO;
				SWIFT_VERSION = 5.0;
				TARGETED_DEVICE_FAMILY = 1;
				TEST_TARGET_NAME = Omicron;
				XROS_DEPLOYMENT_TARGET = 2.0;
			};
			name = Release;
		};
		525408512B874BA200521C6C /* Debug */ = {
			isa = XCBuildConfiguration;
			buildSettings = {
				ALWAYS_SEARCH_USER_PATHS = NO;
				ASSETCATALOG_COMPILER_GENERATE_SWIFT_ASSET_SYMBOL_EXTENSIONS = YES;
				CLANG_ANALYZER_NONNULL = YES;
				CLANG_ANALYZER_NUMBER_OBJECT_CONVERSION = YES_AGGRESSIVE;
				CLANG_CXX_LANGUAGE_STANDARD = "gnu++20";
				CLANG_ENABLE_MODULES = YES;
				CLANG_ENABLE_OBJC_ARC = YES;
				CLANG_ENABLE_OBJC_WEAK = YES;
				CLANG_WARN_BLOCK_CAPTURE_AUTORELEASING = YES;
				CLANG_WARN_BOOL_CONVERSION = YES;
				CLANG_WARN_COMMA = YES;
				CLANG_WARN_CONSTANT_CONVERSION = YES;
				CLANG_WARN_DEPRECATED_OBJC_IMPLEMENTATIONS = YES;
				CLANG_WARN_DIRECT_OBJC_ISA_USAGE = YES_ERROR;
				CLANG_WARN_DOCUMENTATION_COMMENTS = YES;
				CLANG_WARN_EMPTY_BODY = YES;
				CLANG_WARN_ENUM_CONVERSION = YES;
				CLANG_WARN_INFINITE_RECURSION = YES;
				CLANG_WARN_INT_CONVERSION = YES;
				CLANG_WARN_NON_LITERAL_NULL_CONVERSION = YES;
				CLANG_WARN_OBJC_IMPLICIT_RETAIN_SELF = YES;
				CLANG_WARN_OBJC_LITERAL_CONVERSION = YES;
				CLANG_WARN_OBJC_ROOT_CLASS = YES_ERROR;
				CLANG_WARN_QUOTED_INCLUDE_IN_FRAMEWORK_HEADER = YES;
				CLANG_WARN_RANGE_LOOP_ANALYSIS = YES;
				CLANG_WARN_STRICT_PROTOTYPES = YES;
				CLANG_WARN_SUSPICIOUS_MOVE = YES;
				CLANG_WARN_UNGUARDED_AVAILABILITY = YES_AGGRESSIVE;
				CLANG_WARN_UNREACHABLE_CODE = YES;
				CLANG_WARN__DUPLICATE_METHOD_MATCH = YES;
				COPY_PHASE_STRIP = NO;
				DEBUG_INFORMATION_FORMAT = dwarf;
				ENABLE_STRICT_OBJC_MSGSEND = YES;
				ENABLE_TESTABILITY = YES;
				ENABLE_USER_SCRIPT_SANDBOXING = YES;
				GCC_C_LANGUAGE_STANDARD = gnu17;
				GCC_DYNAMIC_NO_PIC = NO;
				GCC_NO_COMMON_BLOCKS = YES;
				GCC_OPTIMIZATION_LEVEL = 0;
				GCC_PREPROCESSOR_DEFINITIONS = (
					"DEBUG=1",
					"$(inherited)",
				);
				GCC_WARN_64_TO_32_BIT_CONVERSION = YES;
				GCC_WARN_ABOUT_RETURN_TYPE = YES_ERROR;
				GCC_WARN_UNDECLARED_SELECTOR = YES;
				GCC_WARN_UNINITIALIZED_AUTOS = YES_AGGRESSIVE;
				GCC_WARN_UNUSED_FUNCTION = YES;
				GCC_WARN_UNUSED_VARIABLE = YES;
				IPHONEOS_DEPLOYMENT_TARGET = 17.4;
				LOCALIZATION_PREFERS_STRING_CATALOGS = YES;
				MTL_ENABLE_DEBUG_INFO = INCLUDE_SOURCE;
				MTL_FAST_MATH = YES;
				ONLY_ACTIVE_ARCH = YES;
				SDKROOT = iphoneos;
				SWIFT_ACTIVE_COMPILATION_CONDITIONS = "DEBUG $(inherited)";
				SWIFT_OPTIMIZATION_LEVEL = "-Onone";
			};
			name = Debug;
		};
		525408522B874BA200521C6C /* Release */ = {
			isa = XCBuildConfiguration;
			buildSettings = {
				ALWAYS_SEARCH_USER_PATHS = NO;
				ASSETCATALOG_COMPILER_GENERATE_SWIFT_ASSET_SYMBOL_EXTENSIONS = YES;
				CLANG_ANALYZER_NONNULL = YES;
				CLANG_ANALYZER_NUMBER_OBJECT_CONVERSION = YES_AGGRESSIVE;
				CLANG_CXX_LANGUAGE_STANDARD = "gnu++20";
				CLANG_ENABLE_MODULES = YES;
				CLANG_ENABLE_OBJC_ARC = YES;
				CLANG_ENABLE_OBJC_WEAK = YES;
				CLANG_WARN_BLOCK_CAPTURE_AUTORELEASING = YES;
				CLANG_WARN_BOOL_CONVERSION = YES;
				CLANG_WARN_COMMA = YES;
				CLANG_WARN_CONSTANT_CONVERSION = YES;
				CLANG_WARN_DEPRECATED_OBJC_IMPLEMENTATIONS = YES;
				CLANG_WARN_DIRECT_OBJC_ISA_USAGE = YES_ERROR;
				CLANG_WARN_DOCUMENTATION_COMMENTS = YES;
				CLANG_WARN_EMPTY_BODY = YES;
				CLANG_WARN_ENUM_CONVERSION = YES;
				CLANG_WARN_INFINITE_RECURSION = YES;
				CLANG_WARN_INT_CONVERSION = YES;
				CLANG_WARN_NON_LITERAL_NULL_CONVERSION = YES;
				CLANG_WARN_OBJC_IMPLICIT_RETAIN_SELF = YES;
				CLANG_WARN_OBJC_LITERAL_CONVERSION = YES;
				CLANG_WARN_OBJC_ROOT_CLASS = YES_ERROR;
				CLANG_WARN_QUOTED_INCLUDE_IN_FRAMEWORK_HEADER = YES;
				CLANG_WARN_RANGE_LOOP_ANALYSIS = YES;
				CLANG_WARN_STRICT_PROTOTYPES = YES;
				CLANG_WARN_SUSPICIOUS_MOVE = YES;
				CLANG_WARN_UNGUARDED_AVAILABILITY = YES_AGGRESSIVE;
				CLANG_WARN_UNREACHABLE_CODE = YES;
				CLANG_WARN__DUPLICATE_METHOD_MATCH = YES;
				COPY_PHASE_STRIP = NO;
				DEBUG_INFORMATION_FORMAT = "dwarf-with-dsym";
				ENABLE_NS_ASSERTIONS = NO;
				ENABLE_STRICT_OBJC_MSGSEND = YES;
				ENABLE_USER_SCRIPT_SANDBOXING = YES;
				GCC_C_LANGUAGE_STANDARD = gnu17;
				GCC_NO_COMMON_BLOCKS = YES;
				GCC_WARN_64_TO_32_BIT_CONVERSION = YES;
				GCC_WARN_ABOUT_RETURN_TYPE = YES_ERROR;
				GCC_WARN_UNDECLARED_SELECTOR = YES;
				GCC_WARN_UNINITIALIZED_AUTOS = YES_AGGRESSIVE;
				GCC_WARN_UNUSED_FUNCTION = YES;
				GCC_WARN_UNUSED_VARIABLE = YES;
				IPHONEOS_DEPLOYMENT_TARGET = 17.4;
				LOCALIZATION_PREFERS_STRING_CATALOGS = YES;
				MTL_ENABLE_DEBUG_INFO = NO;
				MTL_FAST_MATH = YES;
				SDKROOT = iphoneos;
				SWIFT_COMPILATION_MODE = wholemodule;
				VALIDATE_PRODUCT = YES;
			};
			name = Release;
		};
		525408542B874BA200521C6C /* Debug */ = {
			isa = XCBuildConfiguration;
			buildSettings = {
				ASSETCATALOG_COMPILER_APPICON_NAME = AppIcon;
				ASSETCATALOG_COMPILER_GLOBAL_ACCENT_COLOR_NAME = AccentColor;
				CODE_SIGN_IDENTITY = "Apple Development";
				"CODE_SIGN_IDENTITY[sdk=iphoneos*]" = "iPhone Developer";
				CODE_SIGN_STYLE = Manual;
				CURRENT_PROJECT_VERSION = 1;
				DEBUG_INFORMATION_FORMAT = dwarf;
				DEVELOPMENT_ASSET_PATHS = "\"Omicron/Preview Content\"";
				DEVELOPMENT_TEAM = "";
				"DEVELOPMENT_TEAM[sdk=iphoneos*]" = 3PKRW86A3H;
				ENABLE_PREVIEWS = YES;
				GENERATE_INFOPLIST_FILE = YES;
				INFOPLIST_KEY_CFBundleDisplayName = Omicron;
				INFOPLIST_KEY_LSApplicationCategoryType = "public.app-category.entertainment";
				INFOPLIST_KEY_UIApplicationSceneManifest_Generation = YES;
				INFOPLIST_KEY_UIApplicationSupportsIndirectInputEvents = YES;
				INFOPLIST_KEY_UILaunchScreen_Generation = YES;
				INFOPLIST_KEY_UISupportedInterfaceOrientations = UIInterfaceOrientationPortrait;
				INFOPLIST_KEY_UISupportedInterfaceOrientations_iPad = "UIInterfaceOrientationLandscapeLeft UIInterfaceOrientationLandscapeRight UIInterfaceOrientationPortrait UIInterfaceOrientationPortraitUpsideDown";
				IPHONEOS_DEPLOYMENT_TARGET = 18.0;
				LD_RUNPATH_SEARCH_PATHS = (
					"$(inherited)",
					"@executable_path/Frameworks",
				);
				MARKETING_VERSION = 1.0;
				PRODUCT_BUNDLE_IDENTIFIER = hu.bme.aut.benedekkis.Omicron;
				PRODUCT_NAME = "$(TARGET_NAME)";
				PROVISIONING_PROFILE_SPECIFIER = "";
				"PROVISIONING_PROFILE_SPECIFIER[sdk=iphoneos*]" = "Benedek Kis - Student - 2024 - Profile #2";
				SUPPORTED_PLATFORMS = "iphoneos iphonesimulator";
				SUPPORTS_MACCATALYST = NO;
				SUPPORTS_MAC_DESIGNED_FOR_IPHONE_IPAD = NO;
				SUPPORTS_XR_DESIGNED_FOR_IPHONE_IPAD = NO;
				SWIFT_EMIT_LOC_STRINGS = YES;
				SWIFT_VERSION = 5.0;
				TARGETED_DEVICE_FAMILY = 1;
			};
			name = Debug;
		};
		525408552B874BA200521C6C /* Release */ = {
			isa = XCBuildConfiguration;
			buildSettings = {
				ASSETCATALOG_COMPILER_APPICON_NAME = AppIcon;
				ASSETCATALOG_COMPILER_GLOBAL_ACCENT_COLOR_NAME = AccentColor;
				CODE_SIGN_IDENTITY = "Apple Development";
				"CODE_SIGN_IDENTITY[sdk=iphoneos*]" = "iPhone Developer";
				CODE_SIGN_STYLE = Manual;
				CURRENT_PROJECT_VERSION = 1;
				DEVELOPMENT_ASSET_PATHS = "\"Omicron/Preview Content\"";
				DEVELOPMENT_TEAM = "";
				"DEVELOPMENT_TEAM[sdk=iphoneos*]" = 3PKRW86A3H;
				ENABLE_PREVIEWS = YES;
				GENERATE_INFOPLIST_FILE = YES;
				INFOPLIST_KEY_CFBundleDisplayName = Omicron;
				INFOPLIST_KEY_LSApplicationCategoryType = "public.app-category.entertainment";
				INFOPLIST_KEY_UIApplicationSceneManifest_Generation = YES;
				INFOPLIST_KEY_UIApplicationSupportsIndirectInputEvents = YES;
				INFOPLIST_KEY_UILaunchScreen_Generation = YES;
				INFOPLIST_KEY_UISupportedInterfaceOrientations = UIInterfaceOrientationPortrait;
				INFOPLIST_KEY_UISupportedInterfaceOrientations_iPad = "UIInterfaceOrientationLandscapeLeft UIInterfaceOrientationLandscapeRight UIInterfaceOrientationPortrait UIInterfaceOrientationPortraitUpsideDown";
				IPHONEOS_DEPLOYMENT_TARGET = 18.0;
				LD_RUNPATH_SEARCH_PATHS = (
					"$(inherited)",
					"@executable_path/Frameworks",
				);
				MARKETING_VERSION = 1.0;
				PRODUCT_BUNDLE_IDENTIFIER = hu.bme.aut.benedekkis.Omicron;
				PRODUCT_NAME = "$(TARGET_NAME)";
				PROVISIONING_PROFILE_SPECIFIER = "";
				"PROVISIONING_PROFILE_SPECIFIER[sdk=iphoneos*]" = "Benedek Kis - Student - 2024 - Profile #2";
				SUPPORTED_PLATFORMS = "iphoneos iphonesimulator";
				SUPPORTS_MACCATALYST = NO;
				SUPPORTS_MAC_DESIGNED_FOR_IPHONE_IPAD = NO;
				SUPPORTS_XR_DESIGNED_FOR_IPHONE_IPAD = NO;
				SWIFT_EMIT_LOC_STRINGS = YES;
				SWIFT_VERSION = 5.0;
				TARGETED_DEVICE_FAMILY = 1;
			};
			name = Release;
		};
/* End XCBuildConfiguration section */

/* Begin XCConfigurationList section */
		521438C32CCABCF0006BD57E /* Build configuration list for PBXNativeTarget "OmicronUnitTests" */ = {
			isa = XCConfigurationList;
			buildConfigurations = (
				521438C42CCABCF0006BD57E /* Debug */,
				521438C52CCABCF0006BD57E /* Release */,
			);
			defaultConfigurationIsVisible = 0;
			defaultConfigurationName = Release;
		};
		521438D22CCC1738006BD57E /* Build configuration list for PBXNativeTarget "OmicronUITests" */ = {
			isa = XCConfigurationList;
			buildConfigurations = (
				521438D32CCC1738006BD57E /* Debug */,
				521438D42CCC1738006BD57E /* Release */,
			);
			defaultConfigurationIsVisible = 0;
			defaultConfigurationName = Release;
		};
		5254083E2B874BA000521C6C /* Build configuration list for PBXProject "Omicron" */ = {
			isa = XCConfigurationList;
			buildConfigurations = (
				525408512B874BA200521C6C /* Debug */,
				525408522B874BA200521C6C /* Release */,
			);
			defaultConfigurationIsVisible = 0;
			defaultConfigurationName = Release;
		};
		525408532B874BA200521C6C /* Build configuration list for PBXNativeTarget "Omicron" */ = {
			isa = XCConfigurationList;
			buildConfigurations = (
				525408542B874BA200521C6C /* Debug */,
				525408552B874BA200521C6C /* Release */,
			);
			defaultConfigurationIsVisible = 0;
			defaultConfigurationName = Release;
		};
/* End XCConfigurationList section */

/* Begin XCRemoteSwiftPackageReference section */
		5278117B2BD9147200B9F3D1 /* XCRemoteSwiftPackageReference "firebase-ios-sdk" */ = {
			isa = XCRemoteSwiftPackageReference;
			repositoryURL = "https://github.com/firebase/firebase-ios-sdk";
			requirement = {
				kind = upToNextMajorVersion;
				minimumVersion = 10.24.0;
			};
		};
/* End XCRemoteSwiftPackageReference section */

/* Begin XCSwiftPackageProductDependency section */
		5278117C2BD9147200B9F3D1 /* FirebaseAnalytics */ = {
			isa = XCSwiftPackageProductDependency;
			package = 5278117B2BD9147200B9F3D1 /* XCRemoteSwiftPackageReference "firebase-ios-sdk" */;
			productName = FirebaseAnalytics;
		};
		5278117E2BD9147200B9F3D1 /* FirebaseAuth */ = {
			isa = XCSwiftPackageProductDependency;
			package = 5278117B2BD9147200B9F3D1 /* XCRemoteSwiftPackageReference "firebase-ios-sdk" */;
			productName = FirebaseAuth;
		};
		527811802BD9147200B9F3D1 /* FirebaseFirestore */ = {
			isa = XCSwiftPackageProductDependency;
			package = 5278117B2BD9147200B9F3D1 /* XCRemoteSwiftPackageReference "firebase-ios-sdk" */;
			productName = FirebaseFirestore;
		};
/* End XCSwiftPackageProductDependency section */
	};
	rootObject = 5254083B2B874B9F00521C6C /* Project object */;
}
